
Microsoft Visual Studio Solution File, Format Version 12.00
# Visual Studio Version 17
VisualStudioVersion = 17.1.32319.34
MinimumVisualStudioVersion = 10.0.40219.1
Project("{FAE04EC0-301F-11D3-BF4B-00C04F79EFBC}") = "BootcampHomeWork", "BootcampHomeWork\BootcampHomeWork.csproj", "{F69CA51E-DEB7-4755-89E7-110131ED8600}"
EndProject
Global
	GlobalSection(SolutionConfigurationPlatforms) = preSolution
		Debug|Any CPU = Debug|Any CPU
		Release|Any CPU = Release|Any CPU
	EndGlobalSection
	GlobalSection(ProjectConfigurationPlatforms) = postSolution
		{F69CA51E-DEB7-4755-89E7-110131ED8600}.Debug|Any CPU.ActiveCfg = Debug|Any CPU
		{F69CA51E-DEB7-4755-89E7-110131ED8600}.Debug|Any CPU.Build.0 = Debug|Any CPU
		{F69CA51E-DEB7-4755-89E7-110131ED8600}.Release|Any CPU.ActiveCfg = Release|Any CPU
		{F69CA51E-DEB7-4755-89E7-110131ED8600}.Release|Any CPU.Build.0 = Release|Any CPU
	EndGlobalSection
	GlobalSection(SolutionProperties) = preSolution
		HideSolutionNode = FALSE
	EndGlobalSection
	GlobalSection(ExtensibilityGlobals) = postSolution
		SolutionGuid = {51709167-8118-44B2-874B-9A90DD7C0B9A}
	EndGlobalSection
EndGlobal
